# generated by rye
# use `rye lock` or `rye sync` to update this lockfile
#
# last locked with the following flags:
#   pre: false
#   features: []
#   all-features: false
#   with-sources: false

-e file:.
black==24.4.2
click==8.1.7
    # via black
filelock==3.14.0
    # via torch
fsspec==2024.3.1
    # via torch
jinja2==3.1.4
    # via torch
juliacall==0.9.20
    # via distance-transforms-py
juliapkg==0.1.11
    # via juliacall
markupsafe==2.1.5
    # via jinja2
mpmath==1.3.0
    # via sympy
mypy-extensions==1.0.0
    # via black
networkx==3.3
    # via torch
numpy==1.26.4
    # via distance-transforms-py
packaging==24.0
    # via black
pathspec==0.12.1
    # via black
platformdirs==4.2.2
    # via black
semantic-version==2.10.0
    # via juliapkg
sympy==1.12
    # via torch
torch==2.3.0
    # via distance-transforms-py
typing-extensions==4.11.0
    # via torch
