# generated by rye
# use `rye lock` or `rye sync` to update this lockfile
#
# last locked with the following flags:
#   pre: false
#   features: []
#   all-features: false
#   with-sources: false

-e file:.
juliacall==0.9.20
    # via distancetransforms
juliapkg==0.1.11
    # via juliacall
semantic-version==2.10.0
    # via juliapkg
